
Microsoft Visual Studio Solution File, Format Version 12.00
# Visual Studio Version 16
VisualStudioVersion = 16.0.30523.141
MinimumVisualStudioVersion = 10.0.40219.1
Project("{FAE04EC0-301F-11D3-BF4B-00C04F79EFBC}") = "Discuzit", "Discuzit\Discuzit.csproj", "{126B994F-445D-4A86-BBC5-92267AB2734B}"
EndProject
Global
	GlobalSection(SolutionConfigurationPlatforms) = preSolution
		Debug|Any CPU = Debug|Any CPU
		Release|Any CPU = Release|Any CPU
	EndGlobalSection
	GlobalSection(ProjectConfigurationPlatforms) = postSolution
		{126B994F-445D-4A86-BBC5-92267AB2734B}.Debug|Any CPU.ActiveCfg = Debug|Any CPU
		{126B994F-445D-4A86-BBC5-92267AB2734B}.Debug|Any CPU.Build.0 = Debug|Any CPU
		{126B994F-445D-4A86-BBC5-92267AB2734B}.Release|Any CPU.ActiveCfg = Release|Any CPU
		{126B994F-445D-4A86-BBC5-92267AB2734B}.Release|Any CPU.Build.0 = Release|Any CPU
	EndGlobalSection
	GlobalSection(SolutionProperties) = preSolution
		HideSolutionNode = FALSE
	EndGlobalSection
	GlobalSection(ExtensibilityGlobals) = postSolution
		SolutionGuid = {8839FE57-0126-443F-851A-C37AC0103BA1}
	EndGlobalSection
EndGlobal
